
Microsoft Visual Studio Solution File, Format Version 12.00
# Visual Studio Version 16
VisualStudioVersion = 16.0.29403.142
MinimumVisualStudioVersion = 10.0.40219.1
Project("{FAE04EC0-301F-11D3-BF4B-00C04F79EFBC}") = "WuwuChess", "WuwuChess\WuwuChess.csproj", "{A2BBED16-25BD-4AAD-83EC-7CBB1091A3E1}"
EndProject
Global
	GlobalSection(SolutionConfigurationPlatforms) = preSolution
		Debug|Any CPU = Debug|Any CPU
		Release|Any CPU = Release|Any CPU
	EndGlobalSection
	GlobalSection(ProjectConfigurationPlatforms) = postSolution
		{A2BBED16-25BD-4AAD-83EC-7CBB1091A3E1}.Debug|Any CPU.ActiveCfg = Debug|Any CPU
		{A2BBED16-25BD-4AAD-83EC-7CBB1091A3E1}.Debug|Any CPU.Build.0 = Debug|Any CPU
		{A2BBED16-25BD-4AAD-83EC-7CBB1091A3E1}.Release|Any CPU.ActiveCfg = Release|Any CPU
		{A2BBED16-25BD-4AAD-83EC-7CBB1091A3E1}.Release|Any CPU.Build.0 = Release|Any CPU
	EndGlobalSection
	GlobalSection(SolutionProperties) = preSolution
		HideSolutionNode = FALSE
	EndGlobalSection
	GlobalSection(ExtensibilityGlobals) = postSolution
		SolutionGuid = {32AFA5AB-BA67-412C-9F58-2E2153FC5CDD}
	EndGlobalSection
EndGlobal
