
Microsoft Visual Studio Solution File, Format Version 12.00
# Visual Studio Version 16
VisualStudioVersion = 16.0.29613.14
MinimumVisualStudioVersion = 10.0.40219.1
Project("{FAE04EC0-301F-11D3-BF4B-00C04F79EFBC}") = "WuwuChessServer", "WuwuChessServer\WuwuChessServer.csproj", "{30F7D5DA-F3FB-4701-A976-130FB9F2EB2E}"
EndProject
Global
	GlobalSection(SolutionConfigurationPlatforms) = preSolution
		Debug|Any CPU = Debug|Any CPU
		Release|Any CPU = Release|Any CPU
	EndGlobalSection
	GlobalSection(ProjectConfigurationPlatforms) = postSolution
		{30F7D5DA-F3FB-4701-A976-130FB9F2EB2E}.Debug|Any CPU.ActiveCfg = Debug|Any CPU
		{30F7D5DA-F3FB-4701-A976-130FB9F2EB2E}.Debug|Any CPU.Build.0 = Debug|Any CPU
		{30F7D5DA-F3FB-4701-A976-130FB9F2EB2E}.Release|Any CPU.ActiveCfg = Release|Any CPU
		{30F7D5DA-F3FB-4701-A976-130FB9F2EB2E}.Release|Any CPU.Build.0 = Release|Any CPU
	EndGlobalSection
	GlobalSection(SolutionProperties) = preSolution
		HideSolutionNode = FALSE
	EndGlobalSection
	GlobalSection(ExtensibilityGlobals) = postSolution
		SolutionGuid = {F7605520-D2F4-4258-A757-082FC3D0C704}
	EndGlobalSection
EndGlobal
